
Microsoft Visual Studio Solution File, Format Version 12.00
# Visual Studio Version 17
VisualStudioVersion = 17.11.35222.181
MinimumVisualStudioVersion = 10.0.40219.1
Project("{FAE04EC0-301F-11D3-BF4B-00C04F79EFBC}") = "practilal_1", "practilal_1\practilal_1.csproj", "{16B5B7ED-9C44-40CF-ABBE-92EC35A50D73}"
EndProject
Global
	GlobalSection(SolutionConfigurationPlatforms) = preSolution
		Debug|Any CPU = Debug|Any CPU
		Release|Any CPU = Release|Any CPU
	EndGlobalSection
	GlobalSection(ProjectConfigurationPlatforms) = postSolution
		{16B5B7ED-9C44-40CF-ABBE-92EC35A50D73}.Debug|Any CPU.ActiveCfg = Debug|Any CPU
		{16B5B7ED-9C44-40CF-ABBE-92EC35A50D73}.Debug|Any CPU.Build.0 = Debug|Any CPU
		{16B5B7ED-9C44-40CF-ABBE-92EC35A50D73}.Release|Any CPU.ActiveCfg = Release|Any CPU
		{16B5B7ED-9C44-40CF-ABBE-92EC35A50D73}.Release|Any CPU.Build.0 = Release|Any CPU
	EndGlobalSection
	GlobalSection(SolutionProperties) = preSolution
		HideSolutionNode = FALSE
	EndGlobalSection
	GlobalSection(ExtensibilityGlobals) = postSolution
		SolutionGuid = {1732197E-C947-4369-9725-C740D9C69C68}
	EndGlobalSection
EndGlobal
