
Microsoft Visual Studio Solution File, Format Version 12.00
# Visual Studio Version 17
VisualStudioVersion = 17.11.35222.181
MinimumVisualStudioVersion = 10.0.40219.1
Project("{FAE04EC0-301F-11D3-BF4B-00C04F79EFBC}") = "practical1", "practical1\practical1.csproj", "{42F255C1-86F1-4B54-90C3-12AF415E2B5B}"
EndProject
Global
	GlobalSection(SolutionConfigurationPlatforms) = preSolution
		Debug|Any CPU = Debug|Any CPU
		Release|Any CPU = Release|Any CPU
	EndGlobalSection
	GlobalSection(ProjectConfigurationPlatforms) = postSolution
		{42F255C1-86F1-4B54-90C3-12AF415E2B5B}.Debug|Any CPU.ActiveCfg = Debug|Any CPU
		{42F255C1-86F1-4B54-90C3-12AF415E2B5B}.Debug|Any CPU.Build.0 = Debug|Any CPU
		{42F255C1-86F1-4B54-90C3-12AF415E2B5B}.Release|Any CPU.ActiveCfg = Release|Any CPU
		{42F255C1-86F1-4B54-90C3-12AF415E2B5B}.Release|Any CPU.Build.0 = Release|Any CPU
	EndGlobalSection
	GlobalSection(SolutionProperties) = preSolution
		HideSolutionNode = FALSE
	EndGlobalSection
	GlobalSection(ExtensibilityGlobals) = postSolution
		SolutionGuid = {7A224A3B-0BF5-459F-9A5A-8605015EF8E8}
	EndGlobalSection
EndGlobal
