
Microsoft Visual Studio Solution File, Format Version 12.00
# Visual Studio Version 17
VisualStudioVersion = 17.11.35222.181
MinimumVisualStudioVersion = 10.0.40219.1
Project("{FAE04EC0-301F-11D3-BF4B-00C04F79EFBC}") = "Practical_01", "Practical_01\Practical_01.csproj", "{458632E3-465C-4862-84D4-C732A33F3634}"
EndProject
Global
	GlobalSection(SolutionConfigurationPlatforms) = preSolution
		Debug|Any CPU = Debug|Any CPU
		Release|Any CPU = Release|Any CPU
	EndGlobalSection
	GlobalSection(ProjectConfigurationPlatforms) = postSolution
		{458632E3-465C-4862-84D4-C732A33F3634}.Debug|Any CPU.ActiveCfg = Debug|Any CPU
		{458632E3-465C-4862-84D4-C732A33F3634}.Debug|Any CPU.Build.0 = Debug|Any CPU
		{458632E3-465C-4862-84D4-C732A33F3634}.Release|Any CPU.ActiveCfg = Release|Any CPU
		{458632E3-465C-4862-84D4-C732A33F3634}.Release|Any CPU.Build.0 = Release|Any CPU
	EndGlobalSection
	GlobalSection(SolutionProperties) = preSolution
		HideSolutionNode = FALSE
	EndGlobalSection
	GlobalSection(ExtensibilityGlobals) = postSolution
		SolutionGuid = {F4F94369-9934-4511-85EF-7ABB4645CF99}
	EndGlobalSection
EndGlobal
