
Microsoft Visual Studio Solution File, Format Version 12.00
# Visual Studio Version 17
VisualStudioVersion = 17.11.35222.181
MinimumVisualStudioVersion = 10.0.40219.1
Project("{FAE04EC0-301F-11D3-BF4B-00C04F79EFBC}") = "practical1", "practical1\practical1.csproj", "{0DD73DC5-1BDF-477B-A7E8-B235EF96FE36}"
EndProject
Global
	GlobalSection(SolutionConfigurationPlatforms) = preSolution
		Debug|Any CPU = Debug|Any CPU
		Release|Any CPU = Release|Any CPU
	EndGlobalSection
	GlobalSection(ProjectConfigurationPlatforms) = postSolution
		{0DD73DC5-1BDF-477B-A7E8-B235EF96FE36}.Debug|Any CPU.ActiveCfg = Debug|Any CPU
		{0DD73DC5-1BDF-477B-A7E8-B235EF96FE36}.Debug|Any CPU.Build.0 = Debug|Any CPU
		{0DD73DC5-1BDF-477B-A7E8-B235EF96FE36}.Release|Any CPU.ActiveCfg = Release|Any CPU
		{0DD73DC5-1BDF-477B-A7E8-B235EF96FE36}.Release|Any CPU.Build.0 = Release|Any CPU
	EndGlobalSection
	GlobalSection(SolutionProperties) = preSolution
		HideSolutionNode = FALSE
	EndGlobalSection
	GlobalSection(ExtensibilityGlobals) = postSolution
		SolutionGuid = {F527DB6C-7F77-4425-A105-59700B4EA20D}
	EndGlobalSection
EndGlobal
