
Microsoft Visual Studio Solution File, Format Version 12.00
# Visual Studio Version 17
VisualStudioVersion = 17.11.35222.181
MinimumVisualStudioVersion = 10.0.40219.1
Project("{FAE04EC0-301F-11D3-BF4B-00C04F79EFBC}") = "practicalthreads2", "practicalthreads2\practicalthreads2.csproj", "{940A88FD-6B6C-436E-BA4B-0AC20B84B7DC}"
EndProject
Global
	GlobalSection(SolutionConfigurationPlatforms) = preSolution
		Debug|Any CPU = Debug|Any CPU
		Release|Any CPU = Release|Any CPU
	EndGlobalSection
	GlobalSection(ProjectConfigurationPlatforms) = postSolution
		{940A88FD-6B6C-436E-BA4B-0AC20B84B7DC}.Debug|Any CPU.ActiveCfg = Debug|Any CPU
		{940A88FD-6B6C-436E-BA4B-0AC20B84B7DC}.Debug|Any CPU.Build.0 = Debug|Any CPU
		{940A88FD-6B6C-436E-BA4B-0AC20B84B7DC}.Release|Any CPU.ActiveCfg = Release|Any CPU
		{940A88FD-6B6C-436E-BA4B-0AC20B84B7DC}.Release|Any CPU.Build.0 = Release|Any CPU
	EndGlobalSection
	GlobalSection(SolutionProperties) = preSolution
		HideSolutionNode = FALSE
	EndGlobalSection
	GlobalSection(ExtensibilityGlobals) = postSolution
		SolutionGuid = {5E3C8B7E-9B91-4B7A-93C2-E5D4F61E2AF4}
	EndGlobalSection
EndGlobal
