
Microsoft Visual Studio Solution File, Format Version 12.00
# Visual Studio Version 17
VisualStudioVersion = 17.11.35222.181
MinimumVisualStudioVersion = 10.0.40219.1
Project("{FAE04EC0-301F-11D3-BF4B-00C04F79EFBC}") = "practical2", "practical2\practical2.csproj", "{38855517-8D4B-4EEA-B3A5-BD5BC5F9B4C7}"
EndProject
Global
	GlobalSection(SolutionConfigurationPlatforms) = preSolution
		Debug|Any CPU = Debug|Any CPU
		Release|Any CPU = Release|Any CPU
	EndGlobalSection
	GlobalSection(ProjectConfigurationPlatforms) = postSolution
		{38855517-8D4B-4EEA-B3A5-BD5BC5F9B4C7}.Debug|Any CPU.ActiveCfg = Debug|Any CPU
		{38855517-8D4B-4EEA-B3A5-BD5BC5F9B4C7}.Debug|Any CPU.Build.0 = Debug|Any CPU
		{38855517-8D4B-4EEA-B3A5-BD5BC5F9B4C7}.Release|Any CPU.ActiveCfg = Release|Any CPU
		{38855517-8D4B-4EEA-B3A5-BD5BC5F9B4C7}.Release|Any CPU.Build.0 = Release|Any CPU
	EndGlobalSection
	GlobalSection(SolutionProperties) = preSolution
		HideSolutionNode = FALSE
	EndGlobalSection
	GlobalSection(ExtensibilityGlobals) = postSolution
		SolutionGuid = {42805C52-0DF5-4B32-A1B8-0682A2898233}
	EndGlobalSection
EndGlobal
